
Microsoft Visual Studio Solution File, Format Version 12.00
# Visual Studio Version 17
VisualStudioVersion = 17.6.33815.320
MinimumVisualStudioVersion = 10.0.40219.1
Project("{FAE04EC0-301F-11D3-BF4B-00C04F79EFBC}") = "Primitive  Types  and Expressions", "Primitive  Types  and Expressions\Primitive  Types  and Expressions.csproj", "{3E706C45-B9AF-4795-B49A-46C9E862708D}"
EndProject
Global
	GlobalSection(SolutionConfigurationPlatforms) = preSolution
		Debug|Any CPU = Debug|Any CPU
		Release|Any CPU = Release|Any CPU
	EndGlobalSection
	GlobalSection(ProjectConfigurationPlatforms) = postSolution
		{3E706C45-B9AF-4795-B49A-46C9E862708D}.Debug|Any CPU.ActiveCfg = Debug|Any CPU
		{3E706C45-B9AF-4795-B49A-46C9E862708D}.Debug|Any CPU.Build.0 = Debug|Any CPU
		{3E706C45-B9AF-4795-B49A-46C9E862708D}.Release|Any CPU.ActiveCfg = Release|Any CPU
		{3E706C45-B9AF-4795-B49A-46C9E862708D}.Release|Any CPU.Build.0 = Release|Any CPU
	EndGlobalSection
	GlobalSection(SolutionProperties) = preSolution
		HideSolutionNode = FALSE
	EndGlobalSection
	GlobalSection(ExtensibilityGlobals) = postSolution
		SolutionGuid = {AE978C71-0FB3-435B-8992-65D9227165F2}
	EndGlobalSection
EndGlobal
